// !$*UTF8*$!
{
	archiveVersion = 1;
	classes = {
	};
	objectVersion = 50;
	objects = {

/* Begin PBXBuildFile section */
		39DBA925CA41037053F4F0FE /* Pods_ARHoops.framework in Frameworks */ = {isa = PBXBuildFile; fileRef = 98F6C19BADC4A3720E81418F /* Pods_ARHoops.framework */; };
		4D89BEDC26DFB79F00CB8419 /* AppDelegate.swift in Sources */ = {isa = PBXBuildFile; fileRef = 4D89BEDB26DFB79F00CB8419 /* AppDelegate.swift */; };
		4D89BEDE26DFB79F00CB8419 /* art.scnassets in Resources */ = {isa = PBXBuildFile; fileRef = 4D89BEDD26DFB79F00CB8419 /* art.scnassets */; };
		4D89BEE026DFB79F00CB8419 /* ViewController.swift in Sources */ = {isa = PBXBuildFile; fileRef = 4D89BEDF26DFB79F00CB8419 /* ViewController.swift */; };
		4D89BEE326DFB79F00CB8419 /* Main.storyboard in Resources */ = {isa = PBXBuildFile; fileRef = 4D89BEE126DFB79F00CB8419 /* Main.storyboard */; };
		4D89BEE526DFB7A000CB8419 /* Assets.xcassets in Resources */ = {isa = PBXBuildFile; fileRef = 4D89BEE426DFB7A000CB8419 /* Assets.xcassets */; };
		4D89BEE826DFB7A000CB8419 /* LaunchScreen.storyboard in Resources */ = {isa = PBXBuildFile; fileRef = 4D89BEE626DFB7A000CB8419 /* LaunchScreen.storyboard */; };
/* End PBXBuildFile section */

/* Begin PBXFileReference section */
		4D89BED826DFB79F00CB8419 /* ARHoops.app */ = {isa = PBXFileReference; explicitFileType = wrapper.application; includeInIndex = 0; path = ARHoops.app; sourceTree = BUILT_PRODUCTS_DIR; };
		4D89BEDB26DFB79F00CB8419 /* AppDelegate.swift */ = {isa = PBXFileReference; lastKnownFileType = sourcecode.swift; path = AppDelegate.swift; sourceTree = "<group>"; };
		4D89BEDD26DFB79F00CB8419 /* art.scnassets */ = {isa = PBXFileReference; lastKnownFileType = wrapper.scnassets; path = art.scnassets; sourceTree = "<group>"; };
		4D89BEDF26DFB79F00CB8419 /* ViewController.swift */ = {isa = PBXFileReference; lastKnownFileType = sourcecode.swift; path = ViewController.swift; sourceTree = "<group>"; };
		4D89BEE226DFB79F00CB8419 /* Base */ = {isa = PBXFileReference; lastKnownFileType = file.storyboard; name = Base; path = Base.lproj/Main.storyboard; sourceTree = "<group>"; };
		4D89BEE426DFB7A000CB8419 /* Assets.xcassets */ = {isa = PBXFileReference; lastKnownFileType = folder.assetcatalog; path = Assets.xcassets; sourceTree = "<group>"; };
		4D89BEE726DFB7A000CB8419 /* Base */ = {isa = PBXFileReference; lastKnownFileType = file.storyboard; name = Base; path = Base.lproj/LaunchScreen.storyboard; sourceTree = "<group>"; };
		4D89BEE926DFB7A000CB8419 /* Info.plist */ = {isa = PBXFileReference; lastKnownFileType = text.plist.xml; path = Info.plist; sourceTree = "<group>"; };
		6393A28FA0D49907F62398C5 /* Pods-ARHoops.debug.xcconfig */ = {isa = PBXFileReference; includeInIndex = 1; lastKnownFileType = text.xcconfig; name = "Pods-ARHoops.debug.xcconfig"; path = "Target Support Files/Pods-ARHoops/Pods-ARHoops.debug.xcconfig"; sourceTree = "<group>"; };
		98F6C19BADC4A3720E81418F /* Pods_ARHoops.framework */ = {isa = PBXFileReference; explicitFileType = wrapper.framework; includeInIndex = 0; path = Pods_ARHoops.framework; sourceTree = BUILT_PRODUCTS_DIR; };
		A0644C580A0C253649D5984B /* Pods-ARHoops.release.xcconfig */ = {isa = PBXFileReference; includeInIndex = 1; lastKnownFileType = text.xcconfig; name = "Pods-ARHoops.release.xcconfig"; path = "Target Support Files/Pods-ARHoops/Pods-ARHoops.release.xcconfig"; sourceTree = "<group>"; };
/* End PBXFileReference section */

/* Begin PBXFrameworksBuildPhase section */
		4D89BED526DFB79F00CB8419 /* Frameworks */ = {
			isa = PBXFrameworksBuildPhase;
			buildActionMask = 2147483647;
			files = (
				39DBA925CA41037053F4F0FE /* Pods_ARHoops.framework in Frameworks */,
			);
			runOnlyForDeploymentPostprocessing = 0;
		};
/* End PBXFrameworksBuildPhase section */

/* Begin PBXGroup section */
		4D89BECF26DFB79F00CB8419 = {
			isa = PBXGroup;
			children = (
				4D89BEDA26DFB79F00CB8419 /* ARHoops */,
				4D89BED926DFB79F00CB8419 /* Products */,
				91DB8ADC33E8CE371C1FB91A /* Pods */,
				74DA8B33F0B1ECBED8E08081 /* Frameworks */,
			);
			sourceTree = "<group>";
		};
		4D89BED926DFB79F00CB8419 /* Products */ = {
			isa = PBXGroup;
			children = (
				4D89BED826DFB79F00CB8419 /* ARHoops.app */,
			);
			name = Products;
			sourceTree = "<group>";
		};
		4D89BEDA26DFB79F00CB8419 /* ARHoops */ = {
			isa = PBXGroup;
			children = (
				4D89BEDB26DFB79F00CB8419 /* AppDelegate.swift */,
				4D89BEDD26DFB79F00CB8419 /* art.scnassets */,
				4D89BEDF26DFB79F00CB8419 /* ViewController.swift */,
				4D89BEE126DFB79F00CB8419 /* Main.storyboard */,
				4D89BEE426DFB7A000CB8419 /* Assets.xcassets */,
				4D89BEE626DFB7A000CB8419 /* LaunchScreen.storyboard */,
				4D89BEE926DFB7A000CB8419 /* Info.plist */,
			);
			path = ARHoops;
			sourceTree = "<group>";
		};
		74DA8B33F0B1ECBED8E08081 /* Frameworks */ = {
			isa = PBXGroup;
			children = (
				98F6C19BADC4A3720E81418F /* Pods_ARHoops.framework */,
			);
			name = Frameworks;
			sourceTree = "<group>";
		};
		91DB8ADC33E8CE371C1FB91A /* Pods */ = {
			isa = PBXGroup;
			children = (
				6393A28FA0D49907F62398C5 /* Pods-ARHoops.debug.xcconfig */,
				A0644C580A0C253649D5984B /* Pods-ARHoops.release.xcconfig */,
			);
			name = Pods;
			path = Pods;
			sourceTree = "<group>";
		};
/* End PBXGroup section */

/* Begin PBXNativeTarget section */
		4D89BED726DFB79F00CB8419 /* ARHoops */ = {
			isa = PBXNativeTarget;
			buildConfigurationList = 4D89BEEC26DFB7A000CB8419 /* Build configuration list for PBXNativeTarget "ARHoops" */;
			buildPhases = (
				773EDEE029AD3CB85C8F975C /* [CP] Check Pods Manifest.lock */,
				4D89BED426DFB79F00CB8419 /* Sources */,
				4D89BED526DFB79F00CB8419 /* Frameworks */,
				4D89BED626DFB79F00CB8419 /* Resources */,
				02B306D92EF4C263A757E6E8 /* [CP] Embed Pods Frameworks */,
			);
			buildRules = (
			);
			dependencies = (
			);
			name = ARHoops;
			productName = ARHoops;
			productReference = 4D89BED826DFB79F00CB8419 /* ARHoops.app */;
			productType = "com.apple.product-type.application";
		};
/* End PBXNativeTarget section */

/* Begin PBXProject section */
		4D89BED026DFB79F00CB8419 /* Project object */ = {
			isa = PBXProject;
			attributes = {
				LastSwiftUpdateCheck = 1250;
				LastUpgradeCheck = 1250;
				TargetAttributes = {
					4D89BED726DFB79F00CB8419 = {
						CreatedOnToolsVersion = 12.5;
					};
				};
			};
			buildConfigurationList = 4D89BED326DFB79F00CB8419 /* Build configuration list for PBXProject "ARHoops" */;
			compatibilityVersion = "Xcode 9.3";
			developmentRegion = en;
			hasScannedForEncodings = 0;
			knownRegions = (
				en,
				Base,
			);
			mainGroup = 4D89BECF26DFB79F00CB8419;
			productRefGroup = 4D89BED926DFB79F00CB8419 /* Products */;
			projectDirPath = "";
			projectRoot = "";
			targets = (
				4D89BED726DFB79F00CB8419 /* ARHoops */,
			);
		};
/* End PBXProject section */

/* Begin PBXResourcesBuildPhase section */
		4D89BED626DFB79F00CB8419 /* Resources */ = {
			isa = PBXResourcesBuildPhase;
			buildActionMask = 2147483647;
			files = (
				4D89BEDE26DFB79F00CB8419 /* art.scnassets in Resources */,
				4D89BEE826DFB7A000CB8419 /* LaunchScreen.storyboard in Resources */,
				4D89BEE526DFB7A000CB8419 /* Assets.xcassets in Resources */,
				4D89BEE326DFB79F00CB8419 /* Main.storyboard in Resources */,
			);
			runOnlyForDeploymentPostprocessing = 0;
		};
/* End PBXResourcesBuildPhase section */

/* Begin PBXShellScriptBuildPhase section */
		02B306D92EF4C263A757E6E8 /* [CP] Embed Pods Frameworks */ = {
			isa = PBXShellScriptBuildPhase;
			buildActionMask = 2147483647;
			files = (
			);
			inputFileListPaths = (
				"${PODS_ROOT}/Target Support Files/Pods-ARHoops/Pods-ARHoops-frameworks-${CONFIGURATION}-input-files.xcfilelist",
			);
			name = "[CP] Embed Pods Frameworks";
			outputFileListPaths = (
				"${PODS_ROOT}/Target Support Files/Pods-ARHoops/Pods-ARHoops-frameworks-${CONFIGURATION}-output-files.xcfilelist",
			);
			runOnlyForDeploymentPostprocessing = 0;
			shellPath = /bin/sh;
			shellScript = "\"${PODS_ROOT}/Target Support Files/Pods-ARHoops/Pods-ARHoops-frameworks.sh\"\n";
			showEnvVarsInLog = 0;
		};
		773EDEE029AD3CB85C8F975C /* [CP] Check Pods Manifest.lock */ = {
			isa = PBXShellScriptBuildPhase;
			buildActionMask = 2147483647;
			files = (
			);
			inputFileListPaths = (
			);
			inputPaths = (
				"${PODS_PODFILE_DIR_PATH}/Podfile.lock",
				"${PODS_ROOT}/Manifest.lock",
			);
			name = "[CP] Check Pods Manifest.lock";
			outputFileListPaths = (
			);
			outputPaths = (
				"$(DERIVED_FILE_DIR)/Pods-ARHoops-checkManifestLockResult.txt",
			);
			runOnlyForDeploymentPostprocessing = 0;
			shellPath = /bin/sh;
			shellScript = "diff \"${PODS_PODFILE_DIR_PATH}/Podfile.lock\" \"${PODS_ROOT}/Manifest.lock\" > /dev/null\nif [ $? != 0 ] ; then\n    # print error to STDERR\n    echo \"error: The sandbox is not in sync with the Podfile.lock. Run 'pod install' or update your CocoaPods installation.\" >&2\n    exit 1\nfi\n# This output is used by Xcode 'outputs' to avoid re-running this script phase.\necho \"SUCCESS\" > \"${SCRIPT_OUTPUT_FILE_0}\"\n";
			showEnvVarsInLog = 0;
		};
/* End PBXShellScriptBuildPhase section */

/* Begin PBXSourcesBuildPhase section */
		4D89BED426DFB79F00CB8419 /* Sources */ = {
			isa = PBXSourcesBuildPhase;
			buildActionMask = 2147483647;
			files = (
				4D89BEE026DFB79F00CB8419 /* ViewController.swift in Sources */,
				4D89BEDC26DFB79F00CB8419 /* AppDelegate.swift in Sources */,
			);
			runOnlyForDeploymentPostprocessing = 0;
		};
/* End PBXSourcesBuildPhase section */

/* Begin PBXVariantGroup section */
		4D89BEE126DFB79F00CB8419 /* Main.storyboard */ = {
			isa = PBXVariantGroup;
			children = (
				4D89BEE226DFB79F00CB8419 /* Base */,
			);
			name = Main.storyboard;
			sourceTree = "<group>";
		};
		4D89BEE626DFB7A000CB8419 /* LaunchScreen.storyboard */ = {
			isa = PBXVariantGroup;
			children = (
				4D89BEE726DFB7A000CB8419 /* Base */,
			);
			name = LaunchScreen.storyboard;
			sourceTree = "<group>";
		};
/* End PBXVariantGroup section */

/* Begin XCBuildConfiguration section */
		4D89BEEA26DFB7A000CB8419 /* Debug */ = {
			isa = XCBuildConfiguration;
			buildSettings = {
				ALWAYS_SEARCH_USER_PATHS = NO;
				CLANG_ANALYZER_NONNULL = YES;
				CLANG_ANALYZER_NUMBER_OBJECT_CONVERSION = YES_AGGRESSIVE;
				CLANG_CXX_LANGUAGE_STANDARD = "gnu++14";
				CLANG_CXX_LIBRARY = "libc++";
				CLANG_ENABLE_MODULES = YES;
				CLANG_ENABLE_OBJC_ARC = YES;
				CLANG_ENABLE_OBJC_WEAK = YES;
				CLANG_WARN_BLOCK_CAPTURE_AUTORELEASING = YES;
				CLANG_WARN_BOOL_CONVERSION = YES;
				CLANG_WARN_COMMA = YES;
				CLANG_WARN_CONSTANT_CONVERSION = YES;
				CLANG_WARN_DEPRECATED_OBJC_IMPLEMENTATIONS = YES;
				CLANG_WARN_DIRECT_OBJC_ISA_USAGE = YES_ERROR;
				CLANG_WARN_DOCUMENTATION_COMMENTS = YES;
				CLANG_WARN_EMPTY_BODY = YES;
				CLANG_WARN_ENUM_CONVERSION = YES;
				CLANG_WARN_INFINITE_RECURSION = YES;
				CLANG_WARN_INT_CONVERSION = YES;
				CLANG_WARN_NON_LITERAL_NULL_CONVERSION = YES;
				CLANG_WARN_OBJC_IMPLICIT_RETAIN_SELF = YES;
				CLANG_WARN_OBJC_LITERAL_CONVERSION = YES;
				CLANG_WARN_OBJC_ROOT_CLASS = YES_ERROR;
				CLANG_WARN_QUOTED_INCLUDE_IN_FRAMEWORK_HEADER = YES;
				CLANG_WARN_RANGE_LOOP_ANALYSIS = YES;
				CLANG_WARN_STRICT_PROTOTYPES = YES;
				CLANG_WARN_SUSPICIOUS_MOVE = YES;
				CLANG_WARN_UNGUARDED_AVAILABILITY = YES_AGGRESSIVE;
				CLANG_WARN_UNREACHABLE_CODE = YES;
				CLANG_WARN__DUPLICATE_METHOD_MATCH = YES;
				COPY_PHASE_STRIP = NO;
				DEBUG_INFORMATION_FORMAT = dwarf;
				ENABLE_STRICT_OBJC_MSGSEND = YES;
				ENABLE_TESTABILITY = YES;
				GCC_C_LANGUAGE_STANDARD = gnu11;
				GCC_DYNAMIC_NO_PIC = NO;
				GCC_NO_COMMON_BLOCKS = YES;
				GCC_OPTIMIZATION_LEVEL = 0;
				GCC_PREPROCESSOR_DEFINITIONS = (
					"DEBUG=1",
					"$(inherited)",
				);
				GCC_WARN_64_TO_32_BIT_CONVERSION = YES;
				GCC_WARN_ABOUT_RETURN_TYPE = YES_ERROR;
				GCC_WARN_UNDECLARED_SELECTOR = YES;
				GCC_WARN_UNINITIALIZED_AUTOS = YES_AGGRESSIVE;
				GCC_WARN_UNUSED_FUNCTION = YES;
				GCC_WARN_UNUSED_VARIABLE = YES;
				IPHONEOS_DEPLOYMENT_TARGET = 14.5;
				MTL_ENABLE_DEBUG_INFO = INCLUDE_SOURCE;
				MTL_FAST_MATH = YES;
				ONLY_ACTIVE_ARCH = YES;
				SDKROOT = iphoneos;
				SWIFT_ACTIVE_COMPILATION_CONDITIONS = DEBUG;
				SWIFT_OPTIMIZATION_LEVEL = "-Onone";
			};
			name = Debug;
		};
		4D89BEEB26DFB7A000CB8419 /* Release */ = {
			isa = XCBuildConfiguration;
			buildSettings = {
				ALWAYS_SEARCH_USER_PATHS = NO;
				CLANG_ANALYZER_NONNULL = YES;
				CLANG_ANALYZER_NUMBER_OBJECT_CONVERSION = YES_AGGRESSIVE;
				CLANG_CXX_LANGUAGE_STANDARD = "gnu++14";
				CLANG_CXX_LIBRARY = "libc++";
				CLANG_ENABLE_MODULES = YES;
				CLANG_ENABLE_OBJC_ARC = YES;
				CLANG_ENABLE_OBJC_WEAK = YES;
				CLANG_WARN_BLOCK_CAPTURE_AUTORELEASING = YES;
				CLANG_WARN_BOOL_CONVERSION = YES;
				CLANG_WARN_COMMA = YES;
				CLANG_WARN_CONSTANT_CONVERSION = YES;
				CLANG_WARN_DEPRECATED_OBJC_IMPLEMENTATIONS = YES;
				CLANG_WARN_DIRECT_OBJC_ISA_USAGE = YES_ERROR;
				CLANG_WARN_DOCUMENTATION_COMMENTS = YES;
				CLANG_WARN_EMPTY_BODY = YES;
				CLANG_WARN_ENUM_CONVERSION = YES;
				CLANG_WARN_INFINITE_RECURSION = YES;
				CLANG_WARN_INT_CONVERSION = YES;
				CLANG_WARN_NON_LITERAL_NULL_CONVERSION = YES;
				CLANG_WARN_OBJC_IMPLICIT_RETAIN_SELF = YES;
				CLANG_WARN_OBJC_LITERAL_CONVERSION = YES;
				CLANG_WARN_OBJC_ROOT_CLASS = YES_ERROR;
				CLANG_WARN_QUOTED_INCLUDE_IN_FRAMEWORK_HEADER = YES;
				CLANG_WARN_RANGE_LOOP_ANALYSIS = YES;
				CLANG_WARN_STRICT_PROTOTYPES = YES;
				CLANG_WARN_SUSPICIOUS_MOVE = YES;
				CLANG_WARN_UNGUARDED_AVAILABILITY = YES_AGGRESSIVE;
				CLANG_WARN_UNREACHABLE_CODE = YES;
				CLANG_WARN__DUPLICATE_METHOD_MATCH = YES;
				COPY_PHASE_STRIP = NO;
				DEBUG_INFORMATION_FORMAT = "dwarf-with-dsym";
				ENABLE_NS_ASSERTIONS = NO;
				ENABLE_STRICT_OBJC_MSGSEND = YES;
				GCC_C_LANGUAGE_STANDARD = gnu11;
				GCC_NO_COMMON_BLOCKS = YES;
				GCC_WARN_64_TO_32_BIT_CONVERSION = YES;
				GCC_WARN_ABOUT_RETURN_TYPE = YES_ERROR;
				GCC_WARN_UNDECLARED_SELECTOR = YES;
				GCC_WARN_UNINITIALIZED_AUTOS = YES_AGGRESSIVE;
				GCC_WARN_UNUSED_FUNCTION = YES;
				GCC_WARN_UNUSED_VARIABLE = YES;
				IPHONEOS_DEPLOYMENT_TARGET = 14.5;
				MTL_ENABLE_DEBUG_INFO = NO;
				MTL_FAST_MATH = YES;
				SDKROOT = iphoneos;
				SWIFT_COMPILATION_MODE = wholemodule;
				SWIFT_OPTIMIZATION_LEVEL = "-O";
				VALIDATE_PRODUCT = YES;
			};
			name = Release;
		};
		4D89BEED26DFB7A000CB8419 /* Debug */ = {
			isa = XCBuildConfiguration;
			baseConfigurationReference = 6393A28FA0D49907F62398C5 /* Pods-ARHoops.debug.xcconfig */;
			buildSettings = {
				ASSETCATALOG_COMPILER_APPICON_NAME = AppIcon;
				ASSETCATALOG_COMPILER_GLOBAL_ACCENT_COLOR_NAME = AccentColor;
				CODE_SIGN_STYLE = Automatic;
				DEVELOPMENT_TEAM = LAA69LK8PF;
				INFOPLIST_FILE = ARHoops/Info.plist;
				IPHONEOS_DEPLOYMENT_TARGET = 13.0;
				LD_RUNPATH_SEARCH_PATHS = (
					"$(inherited)",
					"@executable_path/Frameworks",
				);
				PRODUCT_BUNDLE_IDENTIFIER = MarkoJovanov.ARHoops;
				PRODUCT_NAME = "$(TARGET_NAME)";
				SWIFT_VERSION = 5.0;
				TARGETED_DEVICE_FAMILY = "1,2";
			};
			name = Debug;
		};
		4D89BEEE26DFB7A000CB8419 /* Release */ = {
			isa = XCBuildConfiguration;
			baseConfigurationReference = A0644C580A0C253649D5984B /* Pods-ARHoops.release.xcconfig */;
			buildSettings = {
				ASSETCATALOG_COMPILER_APPICON_NAME = AppIcon;
				ASSETCATALOG_COMPILER_GLOBAL_ACCENT_COLOR_NAME = AccentColor;
				CODE_SIGN_STYLE = Automatic;
				DEVELOPMENT_TEAM = LAA69LK8PF;
				INFOPLIST_FILE = ARHoops/Info.plist;
				IPHONEOS_DEPLOYMENT_TARGET = 13.0;
				LD_RUNPATH_SEARCH_PATHS = (
					"$(inherited)",
					"@executable_path/Frameworks",
				);
				PRODUCT_BUNDLE_IDENTIFIER = MarkoJovanov.ARHoops;
				PRODUCT_NAME = "$(TARGET_NAME)";
				SWIFT_VERSION = 5.0;
				TARGETED_DEVICE_FAMILY = "1,2";
			};
			name = Release;
		};
/* End XCBuildConfiguration section */

/* Begin XCConfigurationList section */
		4D89BED326DFB79F00CB8419 /* Build configuration list for PBXProject "ARHoops" */ = {
			isa = XCConfigurationList;
			buildConfigurations = (
				4D89BEEA26DFB7A000CB8419 /* Debug */,
				4D89BEEB26DFB7A000CB8419 /* Release */,
			);
			defaultConfigurationIsVisible = 0;
			defaultConfigurationName = Release;
		};
		4D89BEEC26DFB7A000CB8419 /* Build configuration list for PBXNativeTarget "ARHoops" */ = {
			isa = XCConfigurationList;
			buildConfigurations = (
				4D89BEED26DFB7A000CB8419 /* Debug */,
				4D89BEEE26DFB7A000CB8419 /* Release */,
			);
			defaultConfigurationIsVisible = 0;
			defaultConfigurationName = Release;
		};
/* End XCConfigurationList section */
	};
	rootObject = 4D89BED026DFB79F00CB8419 /* Project object */;
}
